{
  "requires": true,
  "lockfileVersion": 1,
  "dependencies": {
    "angular-signature": {
      "version": "1.0.3",
      "resolved": "https://registry.npmjs.org/angular-signature/-/angular-signature-1.0.3.tgz",
      "integrity": "sha1-IRgvxxXTlIniFH9tpKfpakl/4cY=",
      "requires": {
        "signature_pad": "^1.5.0"
      }
    },
    "signature_pad": {
      "version": "1.6.0",
      "resolved": "https://registry.npmjs.org/signature_pad/-/signature_pad-1.6.0.tgz",
      "integrity": "sha1-sfvJemnWW4Cb3XBtCSZBbM4uOrE="
    }
  }
}
